<?xml version="1.0" encoding="utf-8"?>
<Project ToolsVersion="4.0" xmlns="http://schemas.microsoft.com/developer/msbuild/2003">
  <ItemGroup>
    <Filter Include="Milky">
      <UniqueIdentifier>{6BCCAB0D-D7E0-D3BE-A062-771E0C36D0EF}</UniqueIdentifier>
    </Filter>
    <Filter Include="Milky\Events">
      <UniqueIdentifier>{EFF1E79F-DB54-7744-84DA-AFFA701C43C7}</UniqueIdentifier>
    </Filter>
  </ItemGroup>
  <ItemGroup>
    <ClInclude Include="src\Milky.h" />
    <ClInclude Include="src\Milky\Application.h">
      <Filter>Milky</Filter>
    </ClInclude>
    <ClInclude Include="src\Milky\Core.h">
      <Filter>Milky</Filter>
    </ClInclude>
    <ClInclude Include="src\Milky\EntryPoint.h">
      <Filter>Milky</Filter>
    </ClInclude>
    <ClInclude Include="src\Milky\Events\ApplicationEvent.h">
      <Filter>Milky\Events</Filter>
    </ClInclude>
    <ClInclude Include="src\Milky\Events\Event.h">
      <Filter>Milky\Events</Filter>
    </ClInclude>
    <ClInclude Include="src\Milky\Events\KeyEvent.h">
      <Filter>Milky\Events</Filter>
    </ClInclude>
    <ClInclude Include="src\Milky\Events\MouseEvent.h">
      <Filter>Milky\Events</Filter>
    </ClInclude>
    <ClInclude Include="src\Milky\Log.h">
      <Filter>Milky</Filter>
    </ClInclude>
  </ItemGroup>
  <ItemGroup>
    <ClCompile Include="src\Milky\Application.cpp">
      <Filter>Milky</Filter>
    </ClCompile>
    <ClCompile Include="src\Milky\Log.cpp">
      <Filter>Milky</Filter>
    </ClCompile>
  </ItemGroup>
</Project>